
Microsoft Visual Studio Solution File, Format Version 12.00
# Visual Studio Version 17
VisualStudioVersion = 17.6.33717.318
MinimumVisualStudioVersion = 10.0.40219.1
Project("{2150E333-8FDC-42A3-9474-1A3956D46DE8}") = "01 Apis", "01 Apis", "{181E8847-F7D6-4F3B-AF0E-82A677B96808}"
EndProject
Project("{2150E333-8FDC-42A3-9474-1A3956D46DE8}") = "02 Bussnies", "02 Bussnies", "{F5E56954-7154-46D4-BFFE-CB86957EEDF2}"
EndProject
Project("{2150E333-8FDC-42A3-9474-1A3956D46DE8}") = "03 Servicios", "03 Servicios", "{75D9928A-8796-431A-8DEF-D9E1DB8FADBD}"
EndProject
Project("{2150E333-8FDC-42A3-9474-1A3956D46DE8}") = "04 Repositorio", "04 Repositorio", "{08344DCD-83E7-4F21-A527-7CDEEF04D175}"
EndProject
Project("{2150E333-8FDC-42A3-9474-1A3956D46DE8}") = "05 Model", "05 Model", "{512120F0-607C-41DE-9255-BE7ABBFD6FC3}"
EndProject
Project("{2150E333-8FDC-42A3-9474-1A3956D46DE8}") = "06 Util", "06 Util", "{3710A030-5648-4595-9672-A52145DCDA21}"
EndProject
Project("{9A19103F-16F7-4668-BE54-9A1E7A4F7556}") = "UtilSecurity", "UtilSecurity\UtilSecurity.csproj", "{318AAA1A-754A-4D7A-A48D-1075F51C187E}"
EndProject
Project("{9A19103F-16F7-4668-BE54-9A1E7A4F7556}") = "UtilMapper", "UtilMapper\UtilMapper.csproj", "{A954819B-AE9C-4191-834C-16F280F23D85}"
EndProject
Project("{9A19103F-16F7-4668-BE54-9A1E7A4F7556}") = "UtilInterface", "UtilInterface\UtilInterface.csproj", "{AC216426-67BB-4083-9964-8CB091CCC15E}"
EndProject
Project("{9A19103F-16F7-4668-BE54-9A1E7A4F7556}") = "Constantes", "Constantes\Constantes.csproj", "{02D2F2C8-D606-41BD-B0C3-ABF7C96DC794}"
EndProject
Project("{9A19103F-16F7-4668-BE54-9A1E7A4F7556}") = "DBModel", "DBModel\DBModel.csproj", "{3146588C-5225-4478-866B-58E726E9F68D}"
EndProject
Project("{9A19103F-16F7-4668-BE54-9A1E7A4F7556}") = "Models", "Models\Models.csproj", "{0B4575A5-A2AA-4D61-BDDE-05997C0B06DA}"
EndProject
Project("{9A19103F-16F7-4668-BE54-9A1E7A4F7556}") = "IRepository", "IRepository\IRepository.csproj", "{08B17AAB-3D38-4A2F-9D06-597DC636E08C}"
EndProject
Project("{9A19103F-16F7-4668-BE54-9A1E7A4F7556}") = "Repository", "Repository\Repository.csproj", "{FBB2DDEC-BD7D-475F-ACEF-A4AEC8DC5675}"
EndProject
Project("{9A19103F-16F7-4668-BE54-9A1E7A4F7556}") = "IService", "IService\IService.csproj", "{C6832359-D044-4683-A21E-94CF193E49C1}"
EndProject
Project("{9A19103F-16F7-4668-BE54-9A1E7A4F7556}") = "Service", "Service\Service.csproj", "{2013D53E-0B6D-4B19-BC87-6E30EC492E69}"
EndProject
Project("{9A19103F-16F7-4668-BE54-9A1E7A4F7556}") = "IBussnies", "IBussnies\IBussnies.csproj", "{9C68D4F9-1A38-4C3E-9AB8-B33D54F05EA2}"
EndProject
Project("{9A19103F-16F7-4668-BE54-9A1E7A4F7556}") = "Bussnies", "Bussnies\Bussnies.csproj", "{455ED2C9-37F4-4E95-AFE6-A5124DEC14BD}"
EndProject
Project("{9A19103F-16F7-4668-BE54-9A1E7A4F7556}") = "API", "API\API.csproj", "{52BD77B2-4893-4057-8BD7-E13A587485CF}"
EndProject
Project("{2150E333-8FDC-42A3-9474-1A3956D46DE8}") = "10 Anotaciones", "10 Anotaciones", "{92030E96-CF75-4779-ABCD-511B8866590F}"
	ProjectSection(SolutionItems) = preProject
		Database.sql = Database.sql
		MapeoDataBase.txt = MapeoDataBase.txt
	EndProjectSection
EndProject
Project("{2150E333-8FDC-42A3-9474-1A3956D46DE8}") = "Solution Items", "Solution Items", "{1CA33F29-2F31-4203-8FBE-1407ECF97EB7}"
	ProjectSection(SolutionItems) = preProject
		.editorconfig = .editorconfig
	EndProjectSection
EndProject
Global
	GlobalSection(SolutionConfigurationPlatforms) = preSolution
		Debug|Any CPU = Debug|Any CPU
		Release|Any CPU = Release|Any CPU
	EndGlobalSection
	GlobalSection(ProjectConfigurationPlatforms) = postSolution
		{318AAA1A-754A-4D7A-A48D-1075F51C187E}.Debug|Any CPU.ActiveCfg = Debug|Any CPU
		{318AAA1A-754A-4D7A-A48D-1075F51C187E}.Debug|Any CPU.Build.0 = Debug|Any CPU
		{318AAA1A-754A-4D7A-A48D-1075F51C187E}.Release|Any CPU.ActiveCfg = Release|Any CPU
		{318AAA1A-754A-4D7A-A48D-1075F51C187E}.Release|Any CPU.Build.0 = Release|Any CPU
		{A954819B-AE9C-4191-834C-16F280F23D85}.Debug|Any CPU.ActiveCfg = Debug|Any CPU
		{A954819B-AE9C-4191-834C-16F280F23D85}.Debug|Any CPU.Build.0 = Debug|Any CPU
		{A954819B-AE9C-4191-834C-16F280F23D85}.Release|Any CPU.ActiveCfg = Release|Any CPU
		{A954819B-AE9C-4191-834C-16F280F23D85}.Release|Any CPU.Build.0 = Release|Any CPU
		{AC216426-67BB-4083-9964-8CB091CCC15E}.Debug|Any CPU.ActiveCfg = Debug|Any CPU
		{AC216426-67BB-4083-9964-8CB091CCC15E}.Debug|Any CPU.Build.0 = Debug|Any CPU
		{AC216426-67BB-4083-9964-8CB091CCC15E}.Release|Any CPU.ActiveCfg = Release|Any CPU
		{AC216426-67BB-4083-9964-8CB091CCC15E}.Release|Any CPU.Build.0 = Release|Any CPU
		{02D2F2C8-D606-41BD-B0C3-ABF7C96DC794}.Debug|Any CPU.ActiveCfg = Debug|Any CPU
		{02D2F2C8-D606-41BD-B0C3-ABF7C96DC794}.Debug|Any CPU.Build.0 = Debug|Any CPU
		{02D2F2C8-D606-41BD-B0C3-ABF7C96DC794}.Release|Any CPU.ActiveCfg = Release|Any CPU
		{02D2F2C8-D606-41BD-B0C3-ABF7C96DC794}.Release|Any CPU.Build.0 = Release|Any CPU
		{3146588C-5225-4478-866B-58E726E9F68D}.Debug|Any CPU.ActiveCfg = Debug|Any CPU
		{3146588C-5225-4478-866B-58E726E9F68D}.Debug|Any CPU.Build.0 = Debug|Any CPU
		{3146588C-5225-4478-866B-58E726E9F68D}.Release|Any CPU.ActiveCfg = Release|Any CPU
		{3146588C-5225-4478-866B-58E726E9F68D}.Release|Any CPU.Build.0 = Release|Any CPU
		{0B4575A5-A2AA-4D61-BDDE-05997C0B06DA}.Debug|Any CPU.ActiveCfg = Debug|Any CPU
		{0B4575A5-A2AA-4D61-BDDE-05997C0B06DA}.Debug|Any CPU.Build.0 = Debug|Any CPU
		{0B4575A5-A2AA-4D61-BDDE-05997C0B06DA}.Release|Any CPU.ActiveCfg = Release|Any CPU
		{0B4575A5-A2AA-4D61-BDDE-05997C0B06DA}.Release|Any CPU.Build.0 = Release|Any CPU
		{08B17AAB-3D38-4A2F-9D06-597DC636E08C}.Debug|Any CPU.ActiveCfg = Debug|Any CPU
		{08B17AAB-3D38-4A2F-9D06-597DC636E08C}.Debug|Any CPU.Build.0 = Debug|Any CPU
		{08B17AAB-3D38-4A2F-9D06-597DC636E08C}.Release|Any CPU.ActiveCfg = Release|Any CPU
		{08B17AAB-3D38-4A2F-9D06-597DC636E08C}.Release|Any CPU.Build.0 = Release|Any CPU
		{FBB2DDEC-BD7D-475F-ACEF-A4AEC8DC5675}.Debug|Any CPU.ActiveCfg = Debug|Any CPU
		{FBB2DDEC-BD7D-475F-ACEF-A4AEC8DC5675}.Debug|Any CPU.Build.0 = Debug|Any CPU
		{FBB2DDEC-BD7D-475F-ACEF-A4AEC8DC5675}.Release|Any CPU.ActiveCfg = Release|Any CPU
		{FBB2DDEC-BD7D-475F-ACEF-A4AEC8DC5675}.Release|Any CPU.Build.0 = Release|Any CPU
		{C6832359-D044-4683-A21E-94CF193E49C1}.Debug|Any CPU.ActiveCfg = Debug|Any CPU
		{C6832359-D044-4683-A21E-94CF193E49C1}.Debug|Any CPU.Build.0 = Debug|Any CPU
		{C6832359-D044-4683-A21E-94CF193E49C1}.Release|Any CPU.ActiveCfg = Release|Any CPU
		{C6832359-D044-4683-A21E-94CF193E49C1}.Release|Any CPU.Build.0 = Release|Any CPU
		{2013D53E-0B6D-4B19-BC87-6E30EC492E69}.Debug|Any CPU.ActiveCfg = Debug|Any CPU
		{2013D53E-0B6D-4B19-BC87-6E30EC492E69}.Debug|Any CPU.Build.0 = Debug|Any CPU
		{2013D53E-0B6D-4B19-BC87-6E30EC492E69}.Release|Any CPU.ActiveCfg = Release|Any CPU
		{2013D53E-0B6D-4B19-BC87-6E30EC492E69}.Release|Any CPU.Build.0 = Release|Any CPU
		{9C68D4F9-1A38-4C3E-9AB8-B33D54F05EA2}.Debug|Any CPU.ActiveCfg = Debug|Any CPU
		{9C68D4F9-1A38-4C3E-9AB8-B33D54F05EA2}.Debug|Any CPU.Build.0 = Debug|Any CPU
		{9C68D4F9-1A38-4C3E-9AB8-B33D54F05EA2}.Release|Any CPU.ActiveCfg = Release|Any CPU
		{9C68D4F9-1A38-4C3E-9AB8-B33D54F05EA2}.Release|Any CPU.Build.0 = Release|Any CPU
		{455ED2C9-37F4-4E95-AFE6-A5124DEC14BD}.Debug|Any CPU.ActiveCfg = Debug|Any CPU
		{455ED2C9-37F4-4E95-AFE6-A5124DEC14BD}.Debug|Any CPU.Build.0 = Debug|Any CPU
		{455ED2C9-37F4-4E95-AFE6-A5124DEC14BD}.Release|Any CPU.ActiveCfg = Release|Any CPU
		{455ED2C9-37F4-4E95-AFE6-A5124DEC14BD}.Release|Any CPU.Build.0 = Release|Any CPU
		{52BD77B2-4893-4057-8BD7-E13A587485CF}.Debug|Any CPU.ActiveCfg = Debug|Any CPU
		{52BD77B2-4893-4057-8BD7-E13A587485CF}.Debug|Any CPU.Build.0 = Debug|Any CPU
		{52BD77B2-4893-4057-8BD7-E13A587485CF}.Release|Any CPU.ActiveCfg = Release|Any CPU
		{52BD77B2-4893-4057-8BD7-E13A587485CF}.Release|Any CPU.Build.0 = Release|Any CPU
	EndGlobalSection
	GlobalSection(SolutionProperties) = preSolution
		HideSolutionNode = FALSE
	EndGlobalSection
	GlobalSection(NestedProjects) = preSolution
		{318AAA1A-754A-4D7A-A48D-1075F51C187E} = {3710A030-5648-4595-9672-A52145DCDA21}
		{A954819B-AE9C-4191-834C-16F280F23D85} = {3710A030-5648-4595-9672-A52145DCDA21}
		{AC216426-67BB-4083-9964-8CB091CCC15E} = {3710A030-5648-4595-9672-A52145DCDA21}
		{02D2F2C8-D606-41BD-B0C3-ABF7C96DC794} = {3710A030-5648-4595-9672-A52145DCDA21}
		{3146588C-5225-4478-866B-58E726E9F68D} = {512120F0-607C-41DE-9255-BE7ABBFD6FC3}
		{0B4575A5-A2AA-4D61-BDDE-05997C0B06DA} = {512120F0-607C-41DE-9255-BE7ABBFD6FC3}
		{08B17AAB-3D38-4A2F-9D06-597DC636E08C} = {08344DCD-83E7-4F21-A527-7CDEEF04D175}
		{FBB2DDEC-BD7D-475F-ACEF-A4AEC8DC5675} = {08344DCD-83E7-4F21-A527-7CDEEF04D175}
		{C6832359-D044-4683-A21E-94CF193E49C1} = {75D9928A-8796-431A-8DEF-D9E1DB8FADBD}
		{2013D53E-0B6D-4B19-BC87-6E30EC492E69} = {75D9928A-8796-431A-8DEF-D9E1DB8FADBD}
		{9C68D4F9-1A38-4C3E-9AB8-B33D54F05EA2} = {F5E56954-7154-46D4-BFFE-CB86957EEDF2}
		{455ED2C9-37F4-4E95-AFE6-A5124DEC14BD} = {F5E56954-7154-46D4-BFFE-CB86957EEDF2}
		{52BD77B2-4893-4057-8BD7-E13A587485CF} = {181E8847-F7D6-4F3B-AF0E-82A677B96808}
	EndGlobalSection
	GlobalSection(ExtensibilityGlobals) = postSolution
		SolutionGuid = {2A1696FF-4AA5-4745-A87C-67F09854EF74}
	EndGlobalSection
EndGlobal
